
Microsoft Visual Studio Solution File, Format Version 12.00
Project("{FAE04EC0-301F-11D3-BF4B-00C04F79EFBC}") = "SecretProject", "SecretProject\SecretProject.csproj", "{976EDD08-23E6-48AD-AA05-E7F097AA0C3F}"
EndProject
Global
	GlobalSection(SolutionConfigurationPlatforms) = preSolution
		Debug|Any CPU = Debug|Any CPU
		Release|Any CPU = Release|Any CPU
	EndGlobalSection
	GlobalSection(ProjectConfigurationPlatforms) = postSolution
		{976EDD08-23E6-48AD-AA05-E7F097AA0C3F}.Debug|Any CPU.ActiveCfg = Debug|Any CPU
		{976EDD08-23E6-48AD-AA05-E7F097AA0C3F}.Debug|Any CPU.Build.0 = Debug|Any CPU
		{976EDD08-23E6-48AD-AA05-E7F097AA0C3F}.Release|Any CPU.ActiveCfg = Release|Any CPU
		{976EDD08-23E6-48AD-AA05-E7F097AA0C3F}.Release|Any CPU.Build.0 = Release|Any CPU
	EndGlobalSection
EndGlobal
